// !$*UTF8*$!
{
	archiveVersion = 1;
	classes = {
	};
	objectVersion = 56;
	objects = {

/* Begin PBXBuildFile section */
		F764A1202C1EF65F009D9DCC /* ScheduleProtocol.swift in Sources */ = {isa = PBXBuildFile; fileRef = F764A11F2C1EF65F009D9DCC /* ScheduleProtocol.swift */; };
		F764A1222C1F07E0009D9DCC /* ScheduleTableCell.swift in Sources */ = {isa = PBXBuildFile; fileRef = F764A1212C1F07E0009D9DCC /* ScheduleTableCell.swift */; };
		F767CEA32C17049D0043726A /* PlaceHolderView.swift in Sources */ = {isa = PBXBuildFile; fileRef = F767CEA22C17049D0043726A /* PlaceHolderView.swift */; };
		F768E0CC2C15ECE100558276 /* TrackerCollectionViewCell.swift in Sources */ = {isa = PBXBuildFile; fileRef = F768E0CB2C15ECE100558276 /* TrackerCollectionViewCell.swift */; };
		F768E0CE2C15EDA200558276 /* TrackerInfoCell.swift in Sources */ = {isa = PBXBuildFile; fileRef = F768E0CD2C15EDA200558276 /* TrackerInfoCell.swift */; };
		F768E0D02C16229300558276 /* ButtonsCell.swift in Sources */ = {isa = PBXBuildFile; fileRef = F768E0CF2C16229300558276 /* ButtonsCell.swift */; };
		F768E0D22C1623A000558276 /* TrackerCounterDelegate.swift in Sources */ = {isa = PBXBuildFile; fileRef = F768E0D12C1623A000558276 /* TrackerCounterDelegate.swift */; };
		F768E0D42C16263F00558276 /* HeaderCollectionReusableView.swift in Sources */ = {isa = PBXBuildFile; fileRef = F768E0D32C16263F00558276 /* HeaderCollectionReusableView.swift */; };
		F769AC5B2C18829900CC0855 /* TrackerCreationDelegete.swift in Sources */ = {isa = PBXBuildFile; fileRef = F769AC5A2C18829900CC0855 /* TrackerCreationDelegete.swift */; };
		F769AC612C1888A100CC0855 /* ButtonTableViewCell.swift in Sources */ = {isa = PBXBuildFile; fileRef = F769AC602C1888A100CC0855 /* ButtonTableViewCell.swift */; };
		F769AC632C1888B100CC0855 /* EmojiCell.swift in Sources */ = {isa = PBXBuildFile; fileRef = F769AC622C1888B100CC0855 /* EmojiCell.swift */; };
		F769AC652C1888C000CC0855 /* ColorCell.swift in Sources */ = {isa = PBXBuildFile; fileRef = F769AC642C1888C000CC0855 /* ColorCell.swift */; };
		F769AC672C18893500CC0855 /* NameTrackerCell.swift in Sources */ = {isa = PBXBuildFile; fileRef = F769AC662C18893500CC0855 /* NameTrackerCell.swift */; };
		F769AC692C188A5900CC0855 /* NewTrackerViewController.swift in Sources */ = {isa = PBXBuildFile; fileRef = F769AC682C188A5900CC0855 /* NewTrackerViewController.swift */; };
		F769AC6B2C188A6A00CC0855 /* NewEventCreationViewController.swift in Sources */ = {isa = PBXBuildFile; fileRef = F769AC6A2C188A6A00CC0855 /* NewEventCreationViewController.swift */; };
		F769AC6D2C188A7B00CC0855 /* NewHabitCreationViewController.swift in Sources */ = {isa = PBXBuildFile; fileRef = F769AC6C2C188A7B00CC0855 /* NewHabitCreationViewController.swift */; };
		F769AC6F2C188A8C00CC0855 /* CreationTrackerViewController.swift in Sources */ = {isa = PBXBuildFile; fileRef = F769AC6E2C188A8C00CC0855 /* CreationTrackerViewController.swift */; };
		F769AC712C188AA000CC0855 /* ConfigureUIForTrackerCreationProtocol.swift in Sources */ = {isa = PBXBuildFile; fileRef = F769AC702C188AA000CC0855 /* ConfigureUIForTrackerCreationProtocol.swift */; };
		F769AC732C188AAE00CC0855 /* TrackerCreationDelegate.swift in Sources */ = {isa = PBXBuildFile; fileRef = F769AC722C188AAE00CC0855 /* TrackerCreationDelegate.swift */; };
		F76A96932C36D6FF0083043D /* TrackerStore.swift in Sources */ = {isa = PBXBuildFile; fileRef = F76A96922C36D6FF0083043D /* TrackerStore.swift */; };
		F76A96952C36D70C0083043D /* TrackerCategoryStore.swift in Sources */ = {isa = PBXBuildFile; fileRef = F76A96942C36D70C0083043D /* TrackerCategoryStore.swift */; };
		F76A96972C36D7180083043D /* TrackerRecordStore.swift in Sources */ = {isa = PBXBuildFile; fileRef = F76A96962C36D7180083043D /* TrackerRecordStore.swift */; };
		F76A96992C36D7290083043D /* TrackerRecordStoreError.swift in Sources */ = {isa = PBXBuildFile; fileRef = F76A96982C36D7290083043D /* TrackerRecordStoreError.swift */; };
		F76A969B2C36D7340083043D /* CategoryStoreError.swift in Sources */ = {isa = PBXBuildFile; fileRef = F76A969A2C36D7340083043D /* CategoryStoreError.swift */; };
		F76A969D2C36D7410083043D /* TrackerStoreError.swift in Sources */ = {isa = PBXBuildFile; fileRef = F76A969C2C36D7410083043D /* TrackerStoreError.swift */; };
		F76A969F2C36D74E0083043D /* UIColorMarshalling.swift in Sources */ = {isa = PBXBuildFile; fileRef = F76A969E2C36D74E0083043D /* UIColorMarshalling.swift */; };
		F76A96A12C36D75E0083043D /* ScheduleConverter.swift in Sources */ = {isa = PBXBuildFile; fileRef = F76A96A02C36D75E0083043D /* ScheduleConverter.swift */; };
		F76CAEE82C2E01D20009F258 /* Tracker.xcdatamodeld in Sources */ = {isa = PBXBuildFile; fileRef = F76CAEE62C2E01D20009F258 /* Tracker.xcdatamodeld */; };
		F76D28232C18D9AD0051005C /* ScheduleViewController.swift in Sources */ = {isa = PBXBuildFile; fileRef = F76D28222C18D9AD0051005C /* ScheduleViewController.swift */; };
		F76D28252C1B3FC80051005C /* UIColor+Extensions.swift in Sources */ = {isa = PBXBuildFile; fileRef = F76D28242C1B3FC80051005C /* UIColor+Extensions.swift */; };
		F76D28282C1C7CA70051005C /* UITextField+Extensions.swift in Sources */ = {isa = PBXBuildFile; fileRef = F76D28272C1C7CA70051005C /* UITextField+Extensions.swift */; };
		F77745DE2C0B028D005F0760 /* AppDelegate.swift in Sources */ = {isa = PBXBuildFile; fileRef = F77745DD2C0B028D005F0760 /* AppDelegate.swift */; };
		F77745E02C0B028D005F0760 /* SceneDelegate.swift in Sources */ = {isa = PBXBuildFile; fileRef = F77745DF2C0B028D005F0760 /* SceneDelegate.swift */; };
		F77745E72C0B028F005F0760 /* Assets.xcassets in Resources */ = {isa = PBXBuildFile; fileRef = F77745E62C0B028F005F0760 /* Assets.xcassets */; };
		F77745EA2C0B028F005F0760 /* LaunchScreen.storyboard in Resources */ = {isa = PBXBuildFile; fileRef = F77745E82C0B028F005F0760 /* LaunchScreen.storyboard */; };
		F77745F22C0B2390005F0760 /* TabBarController.swift in Sources */ = {isa = PBXBuildFile; fileRef = F77745F12C0B2390005F0760 /* TabBarController.swift */; };
		F77745F42C0B3916005F0760 /* TrackerViewController.swift in Sources */ = {isa = PBXBuildFile; fileRef = F77745F32C0B3916005F0760 /* TrackerViewController.swift */; };
		F77745F62C0B392D005F0760 /* StatisticsViewController.swift in Sources */ = {isa = PBXBuildFile; fileRef = F77745F52C0B392D005F0760 /* StatisticsViewController.swift */; };
		F77B97542C1232CF005CF65F /* Tracker.swift in Sources */ = {isa = PBXBuildFile; fileRef = F77B97532C1232CF005CF65F /* Tracker.swift */; };
		F77B97562C1232D8005CF65F /* TrackerCategory.swift in Sources */ = {isa = PBXBuildFile; fileRef = F77B97552C1232D8005CF65F /* TrackerCategory.swift */; };
		F77B97582C1232E1005CF65F /* TrackerRecord.swift in Sources */ = {isa = PBXBuildFile; fileRef = F77B97572C1232E1005CF65F /* TrackerRecord.swift */; };
		F77B975E2C12387F005CF65F /* WeekDays.swift in Sources */ = {isa = PBXBuildFile; fileRef = F77B975D2C12387F005CF65F /* WeekDays.swift */; };
/* End PBXBuildFile section */

/* Begin PBXFileReference section */
		F764A11F2C1EF65F009D9DCC /* ScheduleProtocol.swift */ = {isa = PBXFileReference; lastKnownFileType = sourcecode.swift; path = ScheduleProtocol.swift; sourceTree = "<group>"; };
		F764A1212C1F07E0009D9DCC /* ScheduleTableCell.swift */ = {isa = PBXFileReference; lastKnownFileType = sourcecode.swift; path = ScheduleTableCell.swift; sourceTree = "<group>"; };
		F767CEA22C17049D0043726A /* PlaceHolderView.swift */ = {isa = PBXFileReference; lastKnownFileType = sourcecode.swift; path = PlaceHolderView.swift; sourceTree = "<group>"; };
		F768E0CB2C15ECE100558276 /* TrackerCollectionViewCell.swift */ = {isa = PBXFileReference; lastKnownFileType = sourcecode.swift; path = TrackerCollectionViewCell.swift; sourceTree = "<group>"; };
		F768E0CD2C15EDA200558276 /* TrackerInfoCell.swift */ = {isa = PBXFileReference; lastKnownFileType = sourcecode.swift; path = TrackerInfoCell.swift; sourceTree = "<group>"; };
		F768E0CF2C16229300558276 /* ButtonsCell.swift */ = {isa = PBXFileReference; lastKnownFileType = sourcecode.swift; path = ButtonsCell.swift; sourceTree = "<group>"; };
		F768E0D12C1623A000558276 /* TrackerCounterDelegate.swift */ = {isa = PBXFileReference; lastKnownFileType = sourcecode.swift; path = TrackerCounterDelegate.swift; sourceTree = "<group>"; };
		F768E0D32C16263F00558276 /* HeaderCollectionReusableView.swift */ = {isa = PBXFileReference; lastKnownFileType = sourcecode.swift; path = HeaderCollectionReusableView.swift; sourceTree = "<group>"; };
		F769AC5A2C18829900CC0855 /* TrackerCreationDelegete.swift */ = {isa = PBXFileReference; lastKnownFileType = sourcecode.swift; path = TrackerCreationDelegete.swift; sourceTree = "<group>"; };
		F769AC602C1888A100CC0855 /* ButtonTableViewCell.swift */ = {isa = PBXFileReference; lastKnownFileType = sourcecode.swift; path = ButtonTableViewCell.swift; sourceTree = "<group>"; };
		F769AC622C1888B100CC0855 /* EmojiCell.swift */ = {isa = PBXFileReference; lastKnownFileType = sourcecode.swift; path = EmojiCell.swift; sourceTree = "<group>"; };
		F769AC642C1888C000CC0855 /* ColorCell.swift */ = {isa = PBXFileReference; lastKnownFileType = sourcecode.swift; path = ColorCell.swift; sourceTree = "<group>"; };
		F769AC662C18893500CC0855 /* NameTrackerCell.swift */ = {isa = PBXFileReference; lastKnownFileType = sourcecode.swift; path = NameTrackerCell.swift; sourceTree = "<group>"; };
		F769AC682C188A5900CC0855 /* NewTrackerViewController.swift */ = {isa = PBXFileReference; lastKnownFileType = sourcecode.swift; path = NewTrackerViewController.swift; sourceTree = "<group>"; };
		F769AC6A2C188A6A00CC0855 /* NewEventCreationViewController.swift */ = {isa = PBXFileReference; lastKnownFileType = sourcecode.swift; path = NewEventCreationViewController.swift; sourceTree = "<group>"; };
		F769AC6C2C188A7B00CC0855 /* NewHabitCreationViewController.swift */ = {isa = PBXFileReference; lastKnownFileType = sourcecode.swift; path = NewHabitCreationViewController.swift; sourceTree = "<group>"; };
		F769AC6E2C188A8C00CC0855 /* CreationTrackerViewController.swift */ = {isa = PBXFileReference; lastKnownFileType = sourcecode.swift; path = CreationTrackerViewController.swift; sourceTree = "<group>"; };
		F769AC702C188AA000CC0855 /* ConfigureUIForTrackerCreationProtocol.swift */ = {isa = PBXFileReference; lastKnownFileType = sourcecode.swift; path = ConfigureUIForTrackerCreationProtocol.swift; sourceTree = "<group>"; };
		F769AC722C188AAE00CC0855 /* TrackerCreationDelegate.swift */ = {isa = PBXFileReference; lastKnownFileType = sourcecode.swift; path = TrackerCreationDelegate.swift; sourceTree = "<group>"; };
		F76A96922C36D6FF0083043D /* TrackerStore.swift */ = {isa = PBXFileReference; lastKnownFileType = sourcecode.swift; path = TrackerStore.swift; sourceTree = "<group>"; };
		F76A96942C36D70C0083043D /* TrackerCategoryStore.swift */ = {isa = PBXFileReference; lastKnownFileType = sourcecode.swift; path = TrackerCategoryStore.swift; sourceTree = "<group>"; };
		F76A96962C36D7180083043D /* TrackerRecordStore.swift */ = {isa = PBXFileReference; lastKnownFileType = sourcecode.swift; path = TrackerRecordStore.swift; sourceTree = "<group>"; };
		F76A96982C36D7290083043D /* TrackerRecordStoreError.swift */ = {isa = PBXFileReference; lastKnownFileType = sourcecode.swift; path = TrackerRecordStoreError.swift; sourceTree = "<group>"; };
		F76A969A2C36D7340083043D /* CategoryStoreError.swift */ = {isa = PBXFileReference; lastKnownFileType = sourcecode.swift; path = CategoryStoreError.swift; sourceTree = "<group>"; };
		F76A969C2C36D7410083043D /* TrackerStoreError.swift */ = {isa = PBXFileReference; lastKnownFileType = sourcecode.swift; path = TrackerStoreError.swift; sourceTree = "<group>"; };
		F76A969E2C36D74E0083043D /* UIColorMarshalling.swift */ = {isa = PBXFileReference; lastKnownFileType = sourcecode.swift; path = UIColorMarshalling.swift; sourceTree = "<group>"; };
		F76A96A02C36D75E0083043D /* ScheduleConverter.swift */ = {isa = PBXFileReference; lastKnownFileType = sourcecode.swift; path = ScheduleConverter.swift; sourceTree = "<group>"; };
		F76CAEE72C2E01D20009F258 /* Model.xcdatamodel */ = {isa = PBXFileReference; lastKnownFileType = wrapper.xcdatamodel; path = Model.xcdatamodel; sourceTree = "<group>"; };
		F76D28222C18D9AD0051005C /* ScheduleViewController.swift */ = {isa = PBXFileReference; lastKnownFileType = sourcecode.swift; path = ScheduleViewController.swift; sourceTree = "<group>"; };
		F76D28242C1B3FC80051005C /* UIColor+Extensions.swift */ = {isa = PBXFileReference; lastKnownFileType = sourcecode.swift; path = "UIColor+Extensions.swift"; sourceTree = "<group>"; };
		F76D28272C1C7CA70051005C /* UITextField+Extensions.swift */ = {isa = PBXFileReference; lastKnownFileType = sourcecode.swift; path = "UITextField+Extensions.swift"; sourceTree = "<group>"; };
		F77745DA2C0B028D005F0760 /* Tracker.app */ = {isa = PBXFileReference; explicitFileType = wrapper.application; includeInIndex = 0; path = Tracker.app; sourceTree = BUILT_PRODUCTS_DIR; };
		F77745DD2C0B028D005F0760 /* AppDelegate.swift */ = {isa = PBXFileReference; lastKnownFileType = sourcecode.swift; path = AppDelegate.swift; sourceTree = "<group>"; };
		F77745DF2C0B028D005F0760 /* SceneDelegate.swift */ = {isa = PBXFileReference; lastKnownFileType = sourcecode.swift; path = SceneDelegate.swift; sourceTree = "<group>"; };
		F77745E62C0B028F005F0760 /* Assets.xcassets */ = {isa = PBXFileReference; lastKnownFileType = folder.assetcatalog; path = Assets.xcassets; sourceTree = "<group>"; };
		F77745E92C0B028F005F0760 /* Base */ = {isa = PBXFileReference; lastKnownFileType = file.storyboard; name = Base; path = Base.lproj/LaunchScreen.storyboard; sourceTree = "<group>"; };
		F77745EB2C0B028F005F0760 /* Info.plist */ = {isa = PBXFileReference; lastKnownFileType = text.plist.xml; path = Info.plist; sourceTree = "<group>"; };
		F77745F12C0B2390005F0760 /* TabBarController.swift */ = {isa = PBXFileReference; lastKnownFileType = sourcecode.swift; path = TabBarController.swift; sourceTree = "<group>"; };
		F77745F32C0B3916005F0760 /* TrackerViewController.swift */ = {isa = PBXFileReference; lastKnownFileType = sourcecode.swift; path = TrackerViewController.swift; sourceTree = "<group>"; };
		F77745F52C0B392D005F0760 /* StatisticsViewController.swift */ = {isa = PBXFileReference; lastKnownFileType = sourcecode.swift; path = StatisticsViewController.swift; sourceTree = "<group>"; };
		F77B97532C1232CF005CF65F /* Tracker.swift */ = {isa = PBXFileReference; lastKnownFileType = sourcecode.swift; path = Tracker.swift; sourceTree = "<group>"; };
		F77B97552C1232D8005CF65F /* TrackerCategory.swift */ = {isa = PBXFileReference; lastKnownFileType = sourcecode.swift; path = TrackerCategory.swift; sourceTree = "<group>"; };
		F77B97572C1232E1005CF65F /* TrackerRecord.swift */ = {isa = PBXFileReference; lastKnownFileType = sourcecode.swift; path = TrackerRecord.swift; sourceTree = "<group>"; };
		F77B975D2C12387F005CF65F /* WeekDays.swift */ = {isa = PBXFileReference; lastKnownFileType = sourcecode.swift; path = WeekDays.swift; sourceTree = "<group>"; };
/* End PBXFileReference section */

/* Begin PBXFrameworksBuildPhase section */
		F77745D72C0B028D005F0760 /* Frameworks */ = {
			isa = PBXFrameworksBuildPhase;
			buildActionMask = 2147483647;
			files = (
			);
			runOnlyForDeploymentPostprocessing = 0;
		};
/* End PBXFrameworksBuildPhase section */

/* Begin PBXGroup section */
		F769AC5C2C1887F200CC0855 /* TrackerCreation */ = {
			isa = PBXGroup;
			children = (
				F769AC5F2C18882E00CC0855 /* Eements */,
				F769AC5A2C18829900CC0855 /* TrackerCreationDelegete.swift */,
				F769AC682C188A5900CC0855 /* NewTrackerViewController.swift */,
				F769AC6A2C188A6A00CC0855 /* NewEventCreationViewController.swift */,
				F769AC6C2C188A7B00CC0855 /* NewHabitCreationViewController.swift */,
				F769AC6E2C188A8C00CC0855 /* CreationTrackerViewController.swift */,
				F769AC702C188AA000CC0855 /* ConfigureUIForTrackerCreationProtocol.swift */,
				F769AC722C188AAE00CC0855 /* TrackerCreationDelegate.swift */,
			);
			path = TrackerCreation;
			sourceTree = "<group>";
		};
		F769AC5F2C18882E00CC0855 /* Eements */ = {
			isa = PBXGroup;
			children = (
				F768E0CF2C16229300558276 /* ButtonsCell.swift */,
				F769AC602C1888A100CC0855 /* ButtonTableViewCell.swift */,
				F769AC622C1888B100CC0855 /* EmojiCell.swift */,
				F769AC642C1888C000CC0855 /* ColorCell.swift */,
				F769AC662C18893500CC0855 /* NameTrackerCell.swift */,
			);
			path = Eements;
			sourceTree = "<group>";
		};
		F76A966C2C36B4870083043D /* CoreData */ = {
			isa = PBXGroup;
			children = (
				F76A96912C36D6EA0083043D /* StoreError */,
				F76A96902C36D6C60083043D /* Converters */,
				F76A96922C36D6FF0083043D /* TrackerStore.swift */,
				F76A96942C36D70C0083043D /* TrackerCategoryStore.swift */,
				F76A96962C36D7180083043D /* TrackerRecordStore.swift */,
				F76CAEE62C2E01D20009F258 /* Tracker.xcdatamodeld */,
			);
			path = CoreData;
			sourceTree = "<group>";
		};
		F76A96902C36D6C60083043D /* Converters */ = {
			isa = PBXGroup;
			children = (
				F76A969E2C36D74E0083043D /* UIColorMarshalling.swift */,
				F76A96A02C36D75E0083043D /* ScheduleConverter.swift */,
			);
			path = Converters;
			sourceTree = "<group>";
		};
		F76A96912C36D6EA0083043D /* StoreError */ = {
			isa = PBXGroup;
			children = (
				F76A96982C36D7290083043D /* TrackerRecordStoreError.swift */,
				F76A969A2C36D7340083043D /* CategoryStoreError.swift */,
				F76A969C2C36D7410083043D /* TrackerStoreError.swift */,
			);
			path = StoreError;
			sourceTree = "<group>";
		};
		F76D28212C18D9820051005C /* ScheduleViewController */ = {
			isa = PBXGroup;
			children = (
				F76D28222C18D9AD0051005C /* ScheduleViewController.swift */,
				F764A11F2C1EF65F009D9DCC /* ScheduleProtocol.swift */,
				F764A1212C1F07E0009D9DCC /* ScheduleTableCell.swift */,
			);
			path = ScheduleViewController;
			sourceTree = "<group>";
		};
		F76D28262C1B3FD10051005C /* Helpers */ = {
			isa = PBXGroup;
			children = (
				F76D28242C1B3FC80051005C /* UIColor+Extensions.swift */,
				F76D28272C1C7CA70051005C /* UITextField+Extensions.swift */,
			);
			path = Helpers;
			sourceTree = "<group>";
		};
		F77745D12C0B028D005F0760 = {
			isa = PBXGroup;
			children = (
				F77745DC2C0B028D005F0760 /* Tracker */,
				F77745DB2C0B028D005F0760 /* Products */,
			);
			sourceTree = "<group>";
		};
		F77745DB2C0B028D005F0760 /* Products */ = {
			isa = PBXGroup;
			children = (
				F77745DA2C0B028D005F0760 /* Tracker.app */,
			);
			name = Products;
			sourceTree = "<group>";
		};
		F77745DC2C0B028D005F0760 /* Tracker */ = {
			isa = PBXGroup;
			children = (
				F76A966C2C36B4870083043D /* CoreData */,
				F76D28262C1B3FD10051005C /* Helpers */,
				F76D28212C18D9820051005C /* ScheduleViewController */,
				F769AC5C2C1887F200CC0855 /* TrackerCreation */,
				F77B975C2C123796005CF65F /* TabBarController */,
				F77B975B2C123774005CF65F /* TrackerViewController */,
				F77B97522C1232C4005CF65F /* Models */,
				F77745DD2C0B028D005F0760 /* AppDelegate.swift */,
				F77745DF2C0B028D005F0760 /* SceneDelegate.swift */,
				F77745E62C0B028F005F0760 /* Assets.xcassets */,
				F77745E82C0B028F005F0760 /* LaunchScreen.storyboard */,
				F77745EB2C0B028F005F0760 /* Info.plist */,
				F767CEA22C17049D0043726A /* PlaceHolderView.swift */,
				F77745F52C0B392D005F0760 /* StatisticsViewController.swift */,
			);
			path = Tracker;
			sourceTree = "<group>";
		};
		F77B97522C1232C4005CF65F /* Models */ = {
			isa = PBXGroup;
			children = (
				F77B97532C1232CF005CF65F /* Tracker.swift */,
				F77B97552C1232D8005CF65F /* TrackerCategory.swift */,
				F77B97572C1232E1005CF65F /* TrackerRecord.swift */,
				F77B975D2C12387F005CF65F /* WeekDays.swift */,
				F768E0CD2C15EDA200558276 /* TrackerInfoCell.swift */,
			);
			path = Models;
			sourceTree = "<group>";
		};
		F77B975B2C123774005CF65F /* TrackerViewController */ = {
			isa = PBXGroup;
			children = (
				F77745F32C0B3916005F0760 /* TrackerViewController.swift */,
				F768E0CB2C15ECE100558276 /* TrackerCollectionViewCell.swift */,
				F768E0D12C1623A000558276 /* TrackerCounterDelegate.swift */,
				F768E0D32C16263F00558276 /* HeaderCollectionReusableView.swift */,
			);
			path = TrackerViewController;
			sourceTree = "<group>";
		};
		F77B975C2C123796005CF65F /* TabBarController */ = {
			isa = PBXGroup;
			children = (
				F77745F12C0B2390005F0760 /* TabBarController.swift */,
			);
			path = TabBarController;
			sourceTree = "<group>";
		};
/* End PBXGroup section */

/* Begin PBXNativeTarget section */
		F77745D92C0B028D005F0760 /* Tracker */ = {
			isa = PBXNativeTarget;
			buildConfigurationList = F77745EE2C0B028F005F0760 /* Build configuration list for PBXNativeTarget "Tracker" */;
			buildPhases = (
				F77745D62C0B028D005F0760 /* Sources */,
				F77745D72C0B028D005F0760 /* Frameworks */,
				F77745D82C0B028D005F0760 /* Resources */,
			);
			buildRules = (
			);
			dependencies = (
			);
			name = Tracker;
			productName = Tracker;
			productReference = F77745DA2C0B028D005F0760 /* Tracker.app */;
			productType = "com.apple.product-type.application";
		};
/* End PBXNativeTarget section */

/* Begin PBXProject section */
		F77745D22C0B028D005F0760 /* Project object */ = {
			isa = PBXProject;
			attributes = {
				BuildIndependentTargetsInParallel = 1;
				LastSwiftUpdateCheck = 1500;
				LastUpgradeCheck = 1500;
				TargetAttributes = {
					F77745D92C0B028D005F0760 = {
						CreatedOnToolsVersion = 15.0.1;
					};
				};
			};
			buildConfigurationList = F77745D52C0B028D005F0760 /* Build configuration list for PBXProject "Tracker" */;
			compatibilityVersion = "Xcode 14.0";
			developmentRegion = en;
			hasScannedForEncodings = 0;
			knownRegions = (
				en,
				Base,
			);
			mainGroup = F77745D12C0B028D005F0760;
			productRefGroup = F77745DB2C0B028D005F0760 /* Products */;
			projectDirPath = "";
			projectRoot = "";
			targets = (
				F77745D92C0B028D005F0760 /* Tracker */,
			);
		};
/* End PBXProject section */

/* Begin PBXResourcesBuildPhase section */
		F77745D82C0B028D005F0760 /* Resources */ = {
			isa = PBXResourcesBuildPhase;
			buildActionMask = 2147483647;
			files = (
				F77745EA2C0B028F005F0760 /* LaunchScreen.storyboard in Resources */,
				F77745E72C0B028F005F0760 /* Assets.xcassets in Resources */,
			);
			runOnlyForDeploymentPostprocessing = 0;
		};
/* End PBXResourcesBuildPhase section */

/* Begin PBXSourcesBuildPhase section */
		F77745D62C0B028D005F0760 /* Sources */ = {
			isa = PBXSourcesBuildPhase;
			buildActionMask = 2147483647;
			files = (
				F768E0CE2C15EDA200558276 /* TrackerInfoCell.swift in Sources */,
				F77745F42C0B3916005F0760 /* TrackerViewController.swift in Sources */,
				F769AC692C188A5900CC0855 /* NewTrackerViewController.swift in Sources */,
				F76D28282C1C7CA70051005C /* UITextField+Extensions.swift in Sources */,
				F76A96952C36D70C0083043D /* TrackerCategoryStore.swift in Sources */,
				F769AC652C1888C000CC0855 /* ColorCell.swift in Sources */,
				F768E0D02C16229300558276 /* ButtonsCell.swift in Sources */,
				F76A969F2C36D74E0083043D /* UIColorMarshalling.swift in Sources */,
				F769AC6D2C188A7B00CC0855 /* NewHabitCreationViewController.swift in Sources */,
				F764A1222C1F07E0009D9DCC /* ScheduleTableCell.swift in Sources */,
				F769AC6F2C188A8C00CC0855 /* CreationTrackerViewController.swift in Sources */,
				F76D28252C1B3FC80051005C /* UIColor+Extensions.swift in Sources */,
				F764A1202C1EF65F009D9DCC /* ScheduleProtocol.swift in Sources */,
				F769AC5B2C18829900CC0855 /* TrackerCreationDelegete.swift in Sources */,
				F768E0D22C1623A000558276 /* TrackerCounterDelegate.swift in Sources */,
				F77B97562C1232D8005CF65F /* TrackerCategory.swift in Sources */,
				F77745DE2C0B028D005F0760 /* AppDelegate.swift in Sources */,
				F77B975E2C12387F005CF65F /* WeekDays.swift in Sources */,
				F76A969D2C36D7410083043D /* TrackerStoreError.swift in Sources */,
				F769AC612C1888A100CC0855 /* ButtonTableViewCell.swift in Sources */,
				F76A96932C36D6FF0083043D /* TrackerStore.swift in Sources */,
				F768E0CC2C15ECE100558276 /* TrackerCollectionViewCell.swift in Sources */,
				F77745F62C0B392D005F0760 /* StatisticsViewController.swift in Sources */,
				F76A96A12C36D75E0083043D /* ScheduleConverter.swift in Sources */,
				F77B97582C1232E1005CF65F /* TrackerRecord.swift in Sources */,
				F77745F22C0B2390005F0760 /* TabBarController.swift in Sources */,
				F769AC712C188AA000CC0855 /* ConfigureUIForTrackerCreationProtocol.swift in Sources */,
				F76D28232C18D9AD0051005C /* ScheduleViewController.swift in Sources */,
				F76A969B2C36D7340083043D /* CategoryStoreError.swift in Sources */,
				F769AC672C18893500CC0855 /* NameTrackerCell.swift in Sources */,
				F77745E02C0B028D005F0760 /* SceneDelegate.swift in Sources */,
				F769AC632C1888B100CC0855 /* EmojiCell.swift in Sources */,
				F768E0D42C16263F00558276 /* HeaderCollectionReusableView.swift in Sources */,
				F76CAEE82C2E01D20009F258 /* Tracker.xcdatamodeld in Sources */,
				F76A96992C36D7290083043D /* TrackerRecordStoreError.swift in Sources */,
				F76A96972C36D7180083043D /* TrackerRecordStore.swift in Sources */,
				F767CEA32C17049D0043726A /* PlaceHolderView.swift in Sources */,
				F77B97542C1232CF005CF65F /* Tracker.swift in Sources */,
				F769AC6B2C188A6A00CC0855 /* NewEventCreationViewController.swift in Sources */,
				F769AC732C188AAE00CC0855 /* TrackerCreationDelegate.swift in Sources */,
			);
			runOnlyForDeploymentPostprocessing = 0;
		};
/* End PBXSourcesBuildPhase section */

/* Begin PBXVariantGroup section */
		F77745E82C0B028F005F0760 /* LaunchScreen.storyboard */ = {
			isa = PBXVariantGroup;
			children = (
				F77745E92C0B028F005F0760 /* Base */,
			);
			name = LaunchScreen.storyboard;
			sourceTree = "<group>";
		};
/* End PBXVariantGroup section */

/* Begin XCBuildConfiguration section */
		F77745EC2C0B028F005F0760 /* Debug */ = {
			isa = XCBuildConfiguration;
			buildSettings = {
				ALWAYS_SEARCH_USER_PATHS = NO;
				ASSETCATALOG_COMPILER_GENERATE_SWIFT_ASSET_SYMBOL_EXTENSIONS = YES;
				CLANG_ANALYZER_NONNULL = YES;
				CLANG_ANALYZER_NUMBER_OBJECT_CONVERSION = YES_AGGRESSIVE;
				CLANG_CXX_LANGUAGE_STANDARD = "gnu++20";
				CLANG_ENABLE_MODULES = YES;
				CLANG_ENABLE_OBJC_ARC = YES;
				CLANG_ENABLE_OBJC_WEAK = YES;
				CLANG_WARN_BLOCK_CAPTURE_AUTORELEASING = YES;
				CLANG_WARN_BOOL_CONVERSION = YES;
				CLANG_WARN_COMMA = YES;
				CLANG_WARN_CONSTANT_CONVERSION = YES;
				CLANG_WARN_DEPRECATED_OBJC_IMPLEMENTATIONS = YES;
				CLANG_WARN_DIRECT_OBJC_ISA_USAGE = YES_ERROR;
				CLANG_WARN_DOCUMENTATION_COMMENTS = YES;
				CLANG_WARN_EMPTY_BODY = YES;
				CLANG_WARN_ENUM_CONVERSION = YES;
				CLANG_WARN_INFINITE_RECURSION = YES;
				CLANG_WARN_INT_CONVERSION = YES;
				CLANG_WARN_NON_LITERAL_NULL_CONVERSION = YES;
				CLANG_WARN_OBJC_IMPLICIT_RETAIN_SELF = YES;
				CLANG_WARN_OBJC_LITERAL_CONVERSION = YES;
				CLANG_WARN_OBJC_ROOT_CLASS = YES_ERROR;
				CLANG_WARN_QUOTED_INCLUDE_IN_FRAMEWORK_HEADER = YES;
				CLANG_WARN_RANGE_LOOP_ANALYSIS = YES;
				CLANG_WARN_STRICT_PROTOTYPES = YES;
				CLANG_WARN_SUSPICIOUS_MOVE = YES;
				CLANG_WARN_UNGUARDED_AVAILABILITY = YES_AGGRESSIVE;
				CLANG_WARN_UNREACHABLE_CODE = YES;
				CLANG_WARN__DUPLICATE_METHOD_MATCH = YES;
				COPY_PHASE_STRIP = NO;
				DEBUG_INFORMATION_FORMAT = dwarf;
				ENABLE_STRICT_OBJC_MSGSEND = YES;
				ENABLE_TESTABILITY = YES;
				ENABLE_USER_SCRIPT_SANDBOXING = YES;
				GCC_C_LANGUAGE_STANDARD = gnu17;
				GCC_DYNAMIC_NO_PIC = NO;
				GCC_NO_COMMON_BLOCKS = YES;
				GCC_OPTIMIZATION_LEVEL = 0;
				GCC_PREPROCESSOR_DEFINITIONS = (
					"DEBUG=1",
					"$(inherited)",
				);
				GCC_WARN_64_TO_32_BIT_CONVERSION = YES;
				GCC_WARN_ABOUT_RETURN_TYPE = YES_ERROR;
				GCC_WARN_UNDECLARED_SELECTOR = YES;
				GCC_WARN_UNINITIALIZED_AUTOS = YES_AGGRESSIVE;
				GCC_WARN_UNUSED_FUNCTION = YES;
				GCC_WARN_UNUSED_VARIABLE = YES;
				IPHONEOS_DEPLOYMENT_TARGET = 13.4;
				LOCALIZATION_PREFERS_STRING_CATALOGS = YES;
				MTL_ENABLE_DEBUG_INFO = INCLUDE_SOURCE;
				MTL_FAST_MATH = YES;
				ONLY_ACTIVE_ARCH = YES;
				SDKROOT = iphoneos;
				SWIFT_ACTIVE_COMPILATION_CONDITIONS = "DEBUG $(inherited)";
				SWIFT_OPTIMIZATION_LEVEL = "-Onone";
			};
			name = Debug;
		};
		F77745ED2C0B028F005F0760 /* Release */ = {
			isa = XCBuildConfiguration;
			buildSettings = {
				ALWAYS_SEARCH_USER_PATHS = NO;
				ASSETCATALOG_COMPILER_GENERATE_SWIFT_ASSET_SYMBOL_EXTENSIONS = YES;
				CLANG_ANALYZER_NONNULL = YES;
				CLANG_ANALYZER_NUMBER_OBJECT_CONVERSION = YES_AGGRESSIVE;
				CLANG_CXX_LANGUAGE_STANDARD = "gnu++20";
				CLANG_ENABLE_MODULES = YES;
				CLANG_ENABLE_OBJC_ARC = YES;
				CLANG_ENABLE_OBJC_WEAK = YES;
				CLANG_WARN_BLOCK_CAPTURE_AUTORELEASING = YES;
				CLANG_WARN_BOOL_CONVERSION = YES;
				CLANG_WARN_COMMA = YES;
				CLANG_WARN_CONSTANT_CONVERSION = YES;
				CLANG_WARN_DEPRECATED_OBJC_IMPLEMENTATIONS = YES;
				CLANG_WARN_DIRECT_OBJC_ISA_USAGE = YES_ERROR;
				CLANG_WARN_DOCUMENTATION_COMMENTS = YES;
				CLANG_WARN_EMPTY_BODY = YES;
				CLANG_WARN_ENUM_CONVERSION = YES;
				CLANG_WARN_INFINITE_RECURSION = YES;
				CLANG_WARN_INT_CONVERSION = YES;
				CLANG_WARN_NON_LITERAL_NULL_CONVERSION = YES;
				CLANG_WARN_OBJC_IMPLICIT_RETAIN_SELF = YES;
				CLANG_WARN_OBJC_LITERAL_CONVERSION = YES;
				CLANG_WARN_OBJC_ROOT_CLASS = YES_ERROR;
				CLANG_WARN_QUOTED_INCLUDE_IN_FRAMEWORK_HEADER = YES;
				CLANG_WARN_RANGE_LOOP_ANALYSIS = YES;
				CLANG_WARN_STRICT_PROTOTYPES = YES;
				CLANG_WARN_SUSPICIOUS_MOVE = YES;
				CLANG_WARN_UNGUARDED_AVAILABILITY = YES_AGGRESSIVE;
				CLANG_WARN_UNREACHABLE_CODE = YES;
				CLANG_WARN__DUPLICATE_METHOD_MATCH = YES;
				COPY_PHASE_STRIP = NO;
				DEBUG_INFORMATION_FORMAT = "dwarf-with-dsym";
				ENABLE_NS_ASSERTIONS = NO;
				ENABLE_STRICT_OBJC_MSGSEND = YES;
				ENABLE_USER_SCRIPT_SANDBOXING = YES;
				GCC_C_LANGUAGE_STANDARD = gnu17;
				GCC_NO_COMMON_BLOCKS = YES;
				GCC_WARN_64_TO_32_BIT_CONVERSION = YES;
				GCC_WARN_ABOUT_RETURN_TYPE = YES_ERROR;
				GCC_WARN_UNDECLARED_SELECTOR = YES;
				GCC_WARN_UNINITIALIZED_AUTOS = YES_AGGRESSIVE;
				GCC_WARN_UNUSED_FUNCTION = YES;
				GCC_WARN_UNUSED_VARIABLE = YES;
				IPHONEOS_DEPLOYMENT_TARGET = 13.4;
				LOCALIZATION_PREFERS_STRING_CATALOGS = YES;
				MTL_ENABLE_DEBUG_INFO = NO;
				MTL_FAST_MATH = YES;
				SDKROOT = iphoneos;
				SWIFT_COMPILATION_MODE = wholemodule;
				VALIDATE_PRODUCT = YES;
			};
			name = Release;
		};
		F77745EF2C0B028F005F0760 /* Debug */ = {
			isa = XCBuildConfiguration;
			buildSettings = {
				ASSETCATALOG_COMPILER_APPICON_NAME = AppIcon;
				ASSETCATALOG_COMPILER_GLOBAL_ACCENT_COLOR_NAME = AccentColor;
				CODE_SIGN_STYLE = Automatic;
				CURRENT_PROJECT_VERSION = 1;
				DEVELOPMENT_TEAM = M92JL7MK92;
				GENERATE_INFOPLIST_FILE = YES;
				INFOPLIST_FILE = Tracker/Info.plist;
				INFOPLIST_KEY_UIApplicationSupportsIndirectInputEvents = YES;
				INFOPLIST_KEY_UILaunchStoryboardName = LaunchScreen;
				INFOPLIST_KEY_UISupportedInterfaceOrientations_iPhone = UIInterfaceOrientationPortrait;
				IPHONEOS_DEPLOYMENT_TARGET = 13.4;
				LD_RUNPATH_SEARCH_PATHS = (
					"$(inherited)",
					"@executable_path/Frameworks",
				);
				MARKETING_VERSION = 1.0;
				PRODUCT_BUNDLE_IDENTIFIER = ru.glomebom.Tracker;
				PRODUCT_NAME = "$(TARGET_NAME)";
				SUPPORTED_PLATFORMS = "iphoneos iphonesimulator";
				SUPPORTS_MACCATALYST = NO;
				SUPPORTS_MAC_DESIGNED_FOR_IPHONE_IPAD = NO;
				SWIFT_EMIT_LOC_STRINGS = YES;
				SWIFT_VERSION = 5.0;
				TARGETED_DEVICE_FAMILY = 1;
			};
			name = Debug;
		};
		F77745F02C0B028F005F0760 /* Release */ = {
			isa = XCBuildConfiguration;
			buildSettings = {
				ASSETCATALOG_COMPILER_APPICON_NAME = AppIcon;
				ASSETCATALOG_COMPILER_GLOBAL_ACCENT_COLOR_NAME = AccentColor;
				CODE_SIGN_STYLE = Automatic;
				CURRENT_PROJECT_VERSION = 1;
				DEVELOPMENT_TEAM = M92JL7MK92;
				GENERATE_INFOPLIST_FILE = YES;
				INFOPLIST_FILE = Tracker/Info.plist;
				INFOPLIST_KEY_UIApplicationSupportsIndirectInputEvents = YES;
				INFOPLIST_KEY_UILaunchStoryboardName = LaunchScreen;
				INFOPLIST_KEY_UISupportedInterfaceOrientations_iPhone = UIInterfaceOrientationPortrait;
				IPHONEOS_DEPLOYMENT_TARGET = 13.4;
				LD_RUNPATH_SEARCH_PATHS = (
					"$(inherited)",
					"@executable_path/Frameworks",
				);
				MARKETING_VERSION = 1.0;
				PRODUCT_BUNDLE_IDENTIFIER = ru.glomebom.Tracker;
				PRODUCT_NAME = "$(TARGET_NAME)";
				SUPPORTED_PLATFORMS = "iphoneos iphonesimulator";
				SUPPORTS_MACCATALYST = NO;
				SUPPORTS_MAC_DESIGNED_FOR_IPHONE_IPAD = NO;
				SWIFT_EMIT_LOC_STRINGS = YES;
				SWIFT_VERSION = 5.0;
				TARGETED_DEVICE_FAMILY = 1;
			};
			name = Release;
		};
/* End XCBuildConfiguration section */

/* Begin XCConfigurationList section */
		F77745D52C0B028D005F0760 /* Build configuration list for PBXProject "Tracker" */ = {
			isa = XCConfigurationList;
			buildConfigurations = (
				F77745EC2C0B028F005F0760 /* Debug */,
				F77745ED2C0B028F005F0760 /* Release */,
			);
			defaultConfigurationIsVisible = 0;
			defaultConfigurationName = Release;
		};
		F77745EE2C0B028F005F0760 /* Build configuration list for PBXNativeTarget "Tracker" */ = {
			isa = XCConfigurationList;
			buildConfigurations = (
				F77745EF2C0B028F005F0760 /* Debug */,
				F77745F02C0B028F005F0760 /* Release */,
			);
			defaultConfigurationIsVisible = 0;
			defaultConfigurationName = Release;
		};
/* End XCConfigurationList section */

/* Begin XCVersionGroup section */
		F76CAEE62C2E01D20009F258 /* Tracker.xcdatamodeld */ = {
			isa = XCVersionGroup;
			children = (
				F76CAEE72C2E01D20009F258 /* Model.xcdatamodel */,
			);
			currentVersion = F76CAEE72C2E01D20009F258 /* Model.xcdatamodel */;
			path = Tracker.xcdatamodeld;
			sourceTree = "<group>";
			versionGroupType = wrapper.xcdatamodel;
		};
/* End XCVersionGroup section */
	};
	rootObject = F77745D22C0B028D005F0760 /* Project object */;
}
